
Microsoft Visual Studio Solution File, Format Version 12.00
# Visual Studio Version 17
VisualStudioVersion = 17.12.35707.178 d17.12
MinimumVisualStudioVersion = 10.0.40219.1
Project("{FAE04EC0-301F-11D3-BF4B-00C04F79EFBC}") = "ConsoleApp6.24", "ConsoleApp6.24\ConsoleApp6.24.csproj", "{FA1EF1FE-0D33-49BC-BCD9-089A5E31256F}"
EndProject
Global
	GlobalSection(SolutionConfigurationPlatforms) = preSolution
		Debug|Any CPU = Debug|Any CPU
		Release|Any CPU = Release|Any CPU
	EndGlobalSection
	GlobalSection(ProjectConfigurationPlatforms) = postSolution
		{FA1EF1FE-0D33-49BC-BCD9-089A5E31256F}.Debug|Any CPU.ActiveCfg = Debug|Any CPU
		{FA1EF1FE-0D33-49BC-BCD9-089A5E31256F}.Debug|Any CPU.Build.0 = Debug|Any CPU
		{FA1EF1FE-0D33-49BC-BCD9-089A5E31256F}.Release|Any CPU.ActiveCfg = Release|Any CPU
		{FA1EF1FE-0D33-49BC-BCD9-089A5E31256F}.Release|Any CPU.Build.0 = Release|Any CPU
	EndGlobalSection
	GlobalSection(SolutionProperties) = preSolution
		HideSolutionNode = FALSE
	EndGlobalSection
EndGlobal
